
Microsoft Visual Studio Solution File, Format Version 12.00
# Visual Studio Version 17
VisualStudioVersion = 17.0.32112.339
MinimumVisualStudioVersion = 10.0.40219.1
Project("{FAE04EC0-301F-11D3-BF4B-00C04F79EFBC}") = "jenkinsmvc", "jenkinsmvc\jenkinsmvc.csproj", "{63D3D465-E1DE-4911-A780-F4769F104BAF}"
EndProject
Project("{2150E333-8FDC-42A3-9474-1A3956D46DE8}") = "Solution Items", "Solution Items", "{57530F0E-46B4-4C77-8D2D-A427B8CE3551}"
	ProjectSection(SolutionItems) = preProject
		Dockerfile = Dockerfile
	EndProjectSection
EndProject
Global
	GlobalSection(SolutionConfigurationPlatforms) = preSolution
		Debug|Any CPU = Debug|Any CPU
		Release|Any CPU = Release|Any CPU
	EndGlobalSection
	GlobalSection(ProjectConfigurationPlatforms) = postSolution
		{63D3D465-E1DE-4911-A780-F4769F104BAF}.Debug|Any CPU.ActiveCfg = Debug|Any CPU
		{63D3D465-E1DE-4911-A780-F4769F104BAF}.Debug|Any CPU.Build.0 = Debug|Any CPU
		{63D3D465-E1DE-4911-A780-F4769F104BAF}.Release|Any CPU.ActiveCfg = Release|Any CPU
		{63D3D465-E1DE-4911-A780-F4769F104BAF}.Release|Any CPU.Build.0 = Release|Any CPU
	EndGlobalSection
	GlobalSection(SolutionProperties) = preSolution
		HideSolutionNode = FALSE
	EndGlobalSection
	GlobalSection(ExtensibilityGlobals) = postSolution
		SolutionGuid = {13734CA8-D7A2-4F1E-B6A5-D7916FA67938}
	EndGlobalSection
EndGlobal
